
Microsoft Visual Studio Solution File, Format Version 12.00
# Visual Studio Version 17
VisualStudioVersion = 17.5.33516.290
MinimumVisualStudioVersion = 10.0.40219.1
Project("{888888A0-9F3D-457C-B088-3A5042F75D52}") = "Mushrooms_Demystified_Data_Breakdown", "Mushrooms_Demystified_Data_Breakdown.pyproj", "{4E2A0C32-D6D1-49F4-A5E5-819CF16824EE}"
EndProject
Global
	GlobalSection(SolutionConfigurationPlatforms) = preSolution
		Debug|Any CPU = Debug|Any CPU
		Release|Any CPU = Release|Any CPU
	EndGlobalSection
	GlobalSection(ProjectConfigurationPlatforms) = postSolution
		{4E2A0C32-D6D1-49F4-A5E5-819CF16824EE}.Debug|Any CPU.ActiveCfg = Debug|Any CPU
		{4E2A0C32-D6D1-49F4-A5E5-819CF16824EE}.Release|Any CPU.ActiveCfg = Release|Any CPU
	EndGlobalSection
	GlobalSection(SolutionProperties) = preSolution
		HideSolutionNode = FALSE
	EndGlobalSection
	GlobalSection(ExtensibilityGlobals) = postSolution
		SolutionGuid = {C7459770-19F0-4458-8B6B-4D8EDF492E18}
	EndGlobalSection
EndGlobal
